// !$*UTF8*$!
{
	archiveVersion = 1;
	classes = {
	};
	objectVersion = 50;
	objects = {

/* Begin PBXBuildFile section */
		117E699425F7A21E00E313E3 /* AppDelegate.swift in Sources */ = {isa = PBXBuildFile; fileRef = 117E699325F7A21E00E313E3 /* AppDelegate.swift */; };
		117E699625F7A21E00E313E3 /* SceneDelegate.swift in Sources */ = {isa = PBXBuildFile; fileRef = 117E699525F7A21E00E313E3 /* SceneDelegate.swift */; };
		117E699B25F7A21E00E313E3 /* Main.storyboard in Resources */ = {isa = PBXBuildFile; fileRef = 117E699925F7A21E00E313E3 /* Main.storyboard */; };
		117E699D25F7A21F00E313E3 /* Assets.xcassets in Resources */ = {isa = PBXBuildFile; fileRef = 117E699C25F7A21F00E313E3 /* Assets.xcassets */; };
		117E69A025F7A21F00E313E3 /* LaunchScreen.storyboard in Resources */ = {isa = PBXBuildFile; fileRef = 117E699E25F7A21F00E313E3 /* LaunchScreen.storyboard */; };
		117E69A925F7A39900E313E3 /* BooksViewController.swift in Sources */ = {isa = PBXBuildFile; fileRef = 117E69A825F7A39900E313E3 /* BooksViewController.swift */; };
		117E69AC25F7A3A600E313E3 /* HousesViewController.swift in Sources */ = {isa = PBXBuildFile; fileRef = 117E69AB25F7A3A600E313E3 /* HousesViewController.swift */; };
		117E69AF25F7A3B600E313E3 /* CharactersViewController.swift in Sources */ = {isa = PBXBuildFile; fileRef = 117E69AE25F7A3B600E313E3 /* CharactersViewController.swift */; };
		C91677A826CFE3D7009A6723 /* BlackSearchBar.swift in Sources */ = {isa = PBXBuildFile; fileRef = C91677A726CFE3D7009A6723 /* BlackSearchBar.swift */; };
		C91677AA26CFE713009A6723 /* CharactersViewModel.swift in Sources */ = {isa = PBXBuildFile; fileRef = C91677A926CFE713009A6723 /* CharactersViewModel.swift */; };
		C91677AC26CFE805009A6723 /* RootViewModel.swift in Sources */ = {isa = PBXBuildFile; fileRef = C91677AB26CFE805009A6723 /* RootViewModel.swift */; };
		C91677AE26CFE911009A6723 /* CharacterViewModel.swift in Sources */ = {isa = PBXBuildFile; fileRef = C91677AD26CFE911009A6723 /* CharacterViewModel.swift */; };
		C91677B026CFEADD009A6723 /* CharactersViewModelTests.swift in Sources */ = {isa = PBXBuildFile; fileRef = C91677AF26CFEADD009A6723 /* CharactersViewModelTests.swift */; };
		C91677B226CFF67F009A6723 /* CharacterViewModelTests.swift in Sources */ = {isa = PBXBuildFile; fileRef = C91677B126CFF67F009A6723 /* CharacterViewModelTests.swift */; };
		C9264F2426CD5948003E4B69 /* GCDBlackBox.swift in Sources */ = {isa = PBXBuildFile; fileRef = C9264F2326CD5948003E4B69 /* GCDBlackBox.swift */; };
		C9264F2626CD614B003E4B69 /* RootViewController.swift in Sources */ = {isa = PBXBuildFile; fileRef = C9264F2526CD614B003E4B69 /* RootViewController.swift */; };
		C9264F2926CD7916003E4B69 /* NetworkService.swift in Sources */ = {isa = PBXBuildFile; fileRef = C9264F2826CD7916003E4B69 /* NetworkService.swift */; };
		C9264F2B26CD7958003E4B69 /* NetworkDataFetcher.swift in Sources */ = {isa = PBXBuildFile; fileRef = C9264F2A26CD7958003E4B69 /* NetworkDataFetcher.swift */; };
		C9264F2D26CD7970003E4B69 /* RequestConstant.swift in Sources */ = {isa = PBXBuildFile; fileRef = C9264F2C26CD7970003E4B69 /* RequestConstant.swift */; };
		C9264F3026CD7998003E4B69 /* Book.swift in Sources */ = {isa = PBXBuildFile; fileRef = C9264F2F26CD7998003E4B69 /* Book.swift */; };
		C9264F3326CD7B03003E4B69 /* BooksViewModel.swift in Sources */ = {isa = PBXBuildFile; fileRef = C9264F3226CD7B03003E4B69 /* BooksViewModel.swift */; };
		C9264F3726CD8228003E4B69 /* House.swift in Sources */ = {isa = PBXBuildFile; fileRef = C9264F3626CD8228003E4B69 /* House.swift */; };
		C9264F3926CD8246003E4B69 /* Character.swift in Sources */ = {isa = PBXBuildFile; fileRef = C9264F3826CD8246003E4B69 /* Character.swift */; };
		C9264F3B26CD833E003E4B69 /* BookViewModel.swift in Sources */ = {isa = PBXBuildFile; fileRef = C9264F3A26CD833E003E4B69 /* BookViewModel.swift */; };
		C9D7687D26CE4D3F00963BD2 /* DateFormatter+Iso8601Full.swift in Sources */ = {isa = PBXBuildFile; fileRef = C9D7687C26CE4D3F00963BD2 /* DateFormatter+Iso8601Full.swift */; };
		C9D7688826CEAA1100963BD2 /* BookViewModelTests.swift in Sources */ = {isa = PBXBuildFile; fileRef = C9D7688726CEAA1100963BD2 /* BookViewModelTests.swift */; };
		C9D7689126CEAAA000963BD2 /* NetworkServiceLocal.swift in Sources */ = {isa = PBXBuildFile; fileRef = C9D7689026CEAAA000963BD2 /* NetworkServiceLocal.swift */; };
		C9D7689326CEB37000963BD2 /* HousesViewModel.swift in Sources */ = {isa = PBXBuildFile; fileRef = C9D7689226CEB37000963BD2 /* HousesViewModel.swift */; };
		C9D7689626CEB49900963BD2 /* HouseViewModel.swift in Sources */ = {isa = PBXBuildFile; fileRef = C9D7689526CEB49900963BD2 /* HouseViewModel.swift */; };
		C9D7689926CFD58E00963BD2 /* HouseViewModelTests.swift in Sources */ = {isa = PBXBuildFile; fileRef = C9D7689826CFD58E00963BD2 /* HouseViewModelTests.swift */; };
		C9D7689B26CFD62100963BD2 /* JsonsStub.swift in Sources */ = {isa = PBXBuildFile; fileRef = C9D7689A26CFD62100963BD2 /* JsonsStub.swift */; };
/* End PBXBuildFile section */

/* Begin PBXContainerItemProxy section */
		C9D7688A26CEAA1100963BD2 /* PBXContainerItemProxy */ = {
			isa = PBXContainerItemProxy;
			containerPortal = 117E698825F7A21E00E313E3 /* Project object */;
			proxyType = 1;
			remoteGlobalIDString = 117E698F25F7A21E00E313E3;
			remoteInfo = iOSTakeHomeChallenge;
		};
/* End PBXContainerItemProxy section */

/* Begin PBXFileReference section */
		117E699025F7A21E00E313E3 /* iOSTakeHomeChallenge.app */ = {isa = PBXFileReference; explicitFileType = wrapper.application; includeInIndex = 0; path = iOSTakeHomeChallenge.app; sourceTree = BUILT_PRODUCTS_DIR; };
		117E699325F7A21E00E313E3 /* AppDelegate.swift */ = {isa = PBXFileReference; lastKnownFileType = sourcecode.swift; path = AppDelegate.swift; sourceTree = "<group>"; };
		117E699525F7A21E00E313E3 /* SceneDelegate.swift */ = {isa = PBXFileReference; lastKnownFileType = sourcecode.swift; path = SceneDelegate.swift; sourceTree = "<group>"; };
		117E699A25F7A21E00E313E3 /* Base */ = {isa = PBXFileReference; lastKnownFileType = file.storyboard; name = Base; path = Base.lproj/Main.storyboard; sourceTree = "<group>"; };
		117E699C25F7A21F00E313E3 /* Assets.xcassets */ = {isa = PBXFileReference; lastKnownFileType = folder.assetcatalog; path = Assets.xcassets; sourceTree = "<group>"; };
		117E699F25F7A21F00E313E3 /* Base */ = {isa = PBXFileReference; lastKnownFileType = file.storyboard; name = Base; path = Base.lproj/LaunchScreen.storyboard; sourceTree = "<group>"; };
		117E69A125F7A21F00E313E3 /* Info.plist */ = {isa = PBXFileReference; lastKnownFileType = text.plist.xml; path = Info.plist; sourceTree = "<group>"; };
		117E69A825F7A39900E313E3 /* BooksViewController.swift */ = {isa = PBXFileReference; lastKnownFileType = sourcecode.swift; path = BooksViewController.swift; sourceTree = "<group>"; };
		117E69AB25F7A3A600E313E3 /* HousesViewController.swift */ = {isa = PBXFileReference; lastKnownFileType = sourcecode.swift; path = HousesViewController.swift; sourceTree = "<group>"; };
		117E69AE25F7A3B600E313E3 /* CharactersViewController.swift */ = {isa = PBXFileReference; lastKnownFileType = sourcecode.swift; path = CharactersViewController.swift; sourceTree = "<group>"; };
		C91677A726CFE3D7009A6723 /* BlackSearchBar.swift */ = {isa = PBXFileReference; lastKnownFileType = sourcecode.swift; path = BlackSearchBar.swift; sourceTree = "<group>"; };
		C91677A926CFE713009A6723 /* CharactersViewModel.swift */ = {isa = PBXFileReference; lastKnownFileType = sourcecode.swift; path = CharactersViewModel.swift; sourceTree = "<group>"; };
		C91677AB26CFE805009A6723 /* RootViewModel.swift */ = {isa = PBXFileReference; lastKnownFileType = sourcecode.swift; path = RootViewModel.swift; sourceTree = "<group>"; };
		C91677AD26CFE911009A6723 /* CharacterViewModel.swift */ = {isa = PBXFileReference; lastKnownFileType = sourcecode.swift; path = CharacterViewModel.swift; sourceTree = "<group>"; };
		C91677AF26CFEADD009A6723 /* CharactersViewModelTests.swift */ = {isa = PBXFileReference; lastKnownFileType = sourcecode.swift; path = CharactersViewModelTests.swift; sourceTree = "<group>"; };
		C91677B126CFF67F009A6723 /* CharacterViewModelTests.swift */ = {isa = PBXFileReference; lastKnownFileType = sourcecode.swift; path = CharacterViewModelTests.swift; sourceTree = "<group>"; };
		C9264F2326CD5948003E4B69 /* GCDBlackBox.swift */ = {isa = PBXFileReference; lastKnownFileType = sourcecode.swift; name = GCDBlackBox.swift; path = "../../../../../../../../../Deveploment/Projects/ios-penn/PennN/ViewModels/GCDBlackBox.swift"; sourceTree = "<group>"; };
		C9264F2526CD614B003E4B69 /* RootViewController.swift */ = {isa = PBXFileReference; lastKnownFileType = sourcecode.swift; path = RootViewController.swift; sourceTree = "<group>"; };
		C9264F2826CD7916003E4B69 /* NetworkService.swift */ = {isa = PBXFileReference; lastKnownFileType = sourcecode.swift; name = NetworkService.swift; path = iOSTakeHomeChallenge/Network/NetworkService.swift; sourceTree = SOURCE_ROOT; };
		C9264F2A26CD7958003E4B69 /* NetworkDataFetcher.swift */ = {isa = PBXFileReference; lastKnownFileType = sourcecode.swift; path = NetworkDataFetcher.swift; sourceTree = "<group>"; };
		C9264F2C26CD7970003E4B69 /* RequestConstant.swift */ = {isa = PBXFileReference; lastKnownFileType = sourcecode.swift; path = RequestConstant.swift; sourceTree = "<group>"; };
		C9264F2F26CD7998003E4B69 /* Book.swift */ = {isa = PBXFileReference; lastKnownFileType = sourcecode.swift; name = Book.swift; path = ../Model/Book.swift; sourceTree = "<group>"; };
		C9264F3226CD7B03003E4B69 /* BooksViewModel.swift */ = {isa = PBXFileReference; lastKnownFileType = sourcecode.swift; path = BooksViewModel.swift; sourceTree = "<group>"; };
		C9264F3626CD8228003E4B69 /* House.swift */ = {isa = PBXFileReference; lastKnownFileType = sourcecode.swift; path = House.swift; sourceTree = "<group>"; };
		C9264F3826CD8246003E4B69 /* Character.swift */ = {isa = PBXFileReference; lastKnownFileType = sourcecode.swift; path = Character.swift; sourceTree = "<group>"; };
		C9264F3A26CD833E003E4B69 /* BookViewModel.swift */ = {isa = PBXFileReference; lastKnownFileType = sourcecode.swift; path = BookViewModel.swift; sourceTree = "<group>"; };
		C9D7687C26CE4D3F00963BD2 /* DateFormatter+Iso8601Full.swift */ = {isa = PBXFileReference; lastKnownFileType = sourcecode.swift; path = "DateFormatter+Iso8601Full.swift"; sourceTree = "<group>"; };
		C9D7688526CEAA1100963BD2 /* iOSTakeHomeChallengeTests.xctest */ = {isa = PBXFileReference; explicitFileType = wrapper.cfbundle; includeInIndex = 0; path = iOSTakeHomeChallengeTests.xctest; sourceTree = BUILT_PRODUCTS_DIR; };
		C9D7688726CEAA1100963BD2 /* BookViewModelTests.swift */ = {isa = PBXFileReference; lastKnownFileType = sourcecode.swift; path = BookViewModelTests.swift; sourceTree = "<group>"; };
		C9D7688926CEAA1100963BD2 /* Info.plist */ = {isa = PBXFileReference; lastKnownFileType = text.plist.xml; path = Info.plist; sourceTree = "<group>"; };
		C9D7689026CEAAA000963BD2 /* NetworkServiceLocal.swift */ = {isa = PBXFileReference; lastKnownFileType = sourcecode.swift; path = NetworkServiceLocal.swift; sourceTree = "<group>"; };
		C9D7689226CEB37000963BD2 /* HousesViewModel.swift */ = {isa = PBXFileReference; lastKnownFileType = sourcecode.swift; path = HousesViewModel.swift; sourceTree = "<group>"; };
		C9D7689526CEB49900963BD2 /* HouseViewModel.swift */ = {isa = PBXFileReference; lastKnownFileType = sourcecode.swift; path = HouseViewModel.swift; sourceTree = "<group>"; };
		C9D7689826CFD58E00963BD2 /* HouseViewModelTests.swift */ = {isa = PBXFileReference; lastKnownFileType = sourcecode.swift; path = HouseViewModelTests.swift; sourceTree = "<group>"; };
		C9D7689A26CFD62100963BD2 /* JsonsStub.swift */ = {isa = PBXFileReference; lastKnownFileType = sourcecode.swift; path = JsonsStub.swift; sourceTree = "<group>"; };
/* End PBXFileReference section */

/* Begin PBXFrameworksBuildPhase section */
		117E698D25F7A21E00E313E3 /* Frameworks */ = {
			isa = PBXFrameworksBuildPhase;
			buildActionMask = 2147483647;
			files = (
			);
			runOnlyForDeploymentPostprocessing = 0;
		};
		C9D7688226CEAA1100963BD2 /* Frameworks */ = {
			isa = PBXFrameworksBuildPhase;
			buildActionMask = 2147483647;
			files = (
			);
			runOnlyForDeploymentPostprocessing = 0;
		};
/* End PBXFrameworksBuildPhase section */

/* Begin PBXGroup section */
		117E698725F7A21E00E313E3 = {
			isa = PBXGroup;
			children = (
				117E699225F7A21E00E313E3 /* iOSTakeHomeChallenge */,
				C9D7688626CEAA1100963BD2 /* iOSTakeHomeChallengeTests */,
				117E699125F7A21E00E313E3 /* Products */,
			);
			sourceTree = "<group>";
		};
		117E699125F7A21E00E313E3 /* Products */ = {
			isa = PBXGroup;
			children = (
				117E699025F7A21E00E313E3 /* iOSTakeHomeChallenge.app */,
				C9D7688526CEAA1100963BD2 /* iOSTakeHomeChallengeTests.xctest */,
			);
			name = Products;
			sourceTree = "<group>";
		};
		117E699225F7A21E00E313E3 /* iOSTakeHomeChallenge */ = {
			isa = PBXGroup;
			children = (
				C9D7687B26CE4CFD00963BD2 /* Extensions */,
				C91677A726CFE3D7009A6723 /* BlackSearchBar.swift */,
				C9264F3126CD7A59003E4B69 /* ViewControllers */,
				C9264F2E26CD798B003E4B69 /* Model */,
				C9264F2726CD78E9003E4B69 /* Network */,
				C9264F2226CD5941003E4B69 /* Helpers */,
				117E699325F7A21E00E313E3 /* AppDelegate.swift */,
				117E699525F7A21E00E313E3 /* SceneDelegate.swift */,
				117E699925F7A21E00E313E3 /* Main.storyboard */,
				117E699C25F7A21F00E313E3 /* Assets.xcassets */,
				117E699E25F7A21F00E313E3 /* LaunchScreen.storyboard */,
				117E69A125F7A21F00E313E3 /* Info.plist */,
			);
			path = iOSTakeHomeChallenge;
			sourceTree = "<group>";
		};
		C91677B326CFFD40009A6723 /* Characters */ = {
			isa = PBXGroup;
			children = (
				117E69AE25F7A3B600E313E3 /* CharactersViewController.swift */,
				C91677A926CFE713009A6723 /* CharactersViewModel.swift */,
				C91677AD26CFE911009A6723 /* CharacterViewModel.swift */,
			);
			path = Characters;
			sourceTree = "<group>";
		};
		C9264F2226CD5941003E4B69 /* Helpers */ = {
			isa = PBXGroup;
			children = (
				C9264F2326CD5948003E4B69 /* GCDBlackBox.swift */,
			);
			path = Helpers;
			sourceTree = "<group>";
		};
		C9264F2726CD78E9003E4B69 /* Network */ = {
			isa = PBXGroup;
			children = (
				C9264F2A26CD7958003E4B69 /* NetworkDataFetcher.swift */,
				C9264F2826CD7916003E4B69 /* NetworkService.swift */,
				C9264F2C26CD7970003E4B69 /* RequestConstant.swift */,
			);
			path = Network;
			sourceTree = "<group>";
		};
		C9264F2E26CD798B003E4B69 /* Model */ = {
			isa = PBXGroup;
			children = (
				C9264F2F26CD7998003E4B69 /* Book.swift */,
				C9264F3626CD8228003E4B69 /* House.swift */,
				C9264F3826CD8246003E4B69 /* Character.swift */,
			);
			path = Model;
			sourceTree = "<group>";
		};
		C9264F3126CD7A59003E4B69 /* ViewControllers */ = {
			isa = PBXGroup;
			children = (
				C9264F2526CD614B003E4B69 /* RootViewController.swift */,
				C91677AB26CFE805009A6723 /* RootViewModel.swift */,
				C9D7688026CEA92E00963BD2 /* Books */,
				C9D7689426CEB47D00963BD2 /* Houses */,
				C91677B326CFFD40009A6723 /* Characters */,
			);
			path = ViewControllers;
			sourceTree = "<group>";
		};
		C9D7687B26CE4CFD00963BD2 /* Extensions */ = {
			isa = PBXGroup;
			children = (
				C9D7687C26CE4D3F00963BD2 /* DateFormatter+Iso8601Full.swift */,
			);
			path = Extensions;
			sourceTree = "<group>";
		};
		C9D7688026CEA92E00963BD2 /* Books */ = {
			isa = PBXGroup;
			children = (
				117E69A825F7A39900E313E3 /* BooksViewController.swift */,
				C9264F3226CD7B03003E4B69 /* BooksViewModel.swift */,
				C9264F3A26CD833E003E4B69 /* BookViewModel.swift */,
			);
			path = Books;
			sourceTree = "<group>";
		};
		C9D7688626CEAA1100963BD2 /* iOSTakeHomeChallengeTests */ = {
			isa = PBXGroup;
			children = (
				C9D7688926CEAA1100963BD2 /* Info.plist */,
				C9D7688726CEAA1100963BD2 /* BookViewModelTests.swift */,
				C9D7689826CFD58E00963BD2 /* HouseViewModelTests.swift */,
				C91677AF26CFEADD009A6723 /* CharactersViewModelTests.swift */,
				C91677B126CFF67F009A6723 /* CharacterViewModelTests.swift */,
				C9D7689026CEAAA000963BD2 /* NetworkServiceLocal.swift */,
				C9D7689A26CFD62100963BD2 /* JsonsStub.swift */,
			);
			path = iOSTakeHomeChallengeTests;
			sourceTree = "<group>";
		};
		C9D7689426CEB47D00963BD2 /* Houses */ = {
			isa = PBXGroup;
			children = (
				117E69AB25F7A3A600E313E3 /* HousesViewController.swift */,
				C9D7689226CEB37000963BD2 /* HousesViewModel.swift */,
				C9D7689526CEB49900963BD2 /* HouseViewModel.swift */,
			);
			path = Houses;
			sourceTree = "<group>";
		};
/* End PBXGroup section */

/* Begin PBXNativeTarget section */
		117E698F25F7A21E00E313E3 /* iOSTakeHomeChallenge */ = {
			isa = PBXNativeTarget;
			buildConfigurationList = 117E69A425F7A21F00E313E3 /* Build configuration list for PBXNativeTarget "iOSTakeHomeChallenge" */;
			buildPhases = (
				117E698C25F7A21E00E313E3 /* Sources */,
				117E698D25F7A21E00E313E3 /* Frameworks */,
				117E698E25F7A21E00E313E3 /* Resources */,
			);
			buildRules = (
			);
			dependencies = (
			);
			name = iOSTakeHomeChallenge;
			productName = iOSTakeHomeChallenge;
			productReference = 117E699025F7A21E00E313E3 /* iOSTakeHomeChallenge.app */;
			productType = "com.apple.product-type.application";
		};
		C9D7688426CEAA1100963BD2 /* iOSTakeHomeChallengeTests */ = {
			isa = PBXNativeTarget;
			buildConfigurationList = C9D7688C26CEAA1100963BD2 /* Build configuration list for PBXNativeTarget "iOSTakeHomeChallengeTests" */;
			buildPhases = (
				C9D7688126CEAA1100963BD2 /* Sources */,
				C9D7688226CEAA1100963BD2 /* Frameworks */,
				C9D7688326CEAA1100963BD2 /* Resources */,
			);
			buildRules = (
			);
			dependencies = (
				C9D7688B26CEAA1100963BD2 /* PBXTargetDependency */,
			);
			name = iOSTakeHomeChallengeTests;
			productName = iOSTakeHomeChallengeTests;
			productReference = C9D7688526CEAA1100963BD2 /* iOSTakeHomeChallengeTests.xctest */;
			productType = "com.apple.product-type.bundle.unit-test";
		};
/* End PBXNativeTarget section */

/* Begin PBXProject section */
		117E698825F7A21E00E313E3 /* Project object */ = {
			isa = PBXProject;
			attributes = {
				LastSwiftUpdateCheck = 1250;
				LastUpgradeCheck = 1240;
				TargetAttributes = {
					117E698F25F7A21E00E313E3 = {
						CreatedOnToolsVersion = 12.4;
					};
					C9D7688426CEAA1100963BD2 = {
						CreatedOnToolsVersion = 12.5.1;
						TestTargetID = 117E698F25F7A21E00E313E3;
					};
				};
			};
			buildConfigurationList = 117E698B25F7A21E00E313E3 /* Build configuration list for PBXProject "iOSTakeHomeChallenge" */;
			compatibilityVersion = "Xcode 9.3";
			developmentRegion = en;
			hasScannedForEncodings = 0;
			knownRegions = (
				en,
				Base,
			);
			mainGroup = 117E698725F7A21E00E313E3;
			productRefGroup = 117E699125F7A21E00E313E3 /* Products */;
			projectDirPath = "";
			projectRoot = "";
			targets = (
				117E698F25F7A21E00E313E3 /* iOSTakeHomeChallenge */,
				C9D7688426CEAA1100963BD2 /* iOSTakeHomeChallengeTests */,
			);
		};
/* End PBXProject section */

/* Begin PBXResourcesBuildPhase section */
		117E698E25F7A21E00E313E3 /* Resources */ = {
			isa = PBXResourcesBuildPhase;
			buildActionMask = 2147483647;
			files = (
				117E69A025F7A21F00E313E3 /* LaunchScreen.storyboard in Resources */,
				117E699D25F7A21F00E313E3 /* Assets.xcassets in Resources */,
				117E699B25F7A21E00E313E3 /* Main.storyboard in Resources */,
			);
			runOnlyForDeploymentPostprocessing = 0;
		};
		C9D7688326CEAA1100963BD2 /* Resources */ = {
			isa = PBXResourcesBuildPhase;
			buildActionMask = 2147483647;
			files = (
			);
			runOnlyForDeploymentPostprocessing = 0;
		};
/* End PBXResourcesBuildPhase section */

/* Begin PBXSourcesBuildPhase section */
		117E698C25F7A21E00E313E3 /* Sources */ = {
			isa = PBXSourcesBuildPhase;
			buildActionMask = 2147483647;
			files = (
				117E69AC25F7A3A600E313E3 /* HousesViewController.swift in Sources */,
				C91677AC26CFE805009A6723 /* RootViewModel.swift in Sources */,
				C9264F3326CD7B03003E4B69 /* BooksViewModel.swift in Sources */,
				C9264F3726CD8228003E4B69 /* House.swift in Sources */,
				117E69AF25F7A3B600E313E3 /* CharactersViewController.swift in Sources */,
				C91677AA26CFE713009A6723 /* CharactersViewModel.swift in Sources */,
				C91677AE26CFE911009A6723 /* CharacterViewModel.swift in Sources */,
				C9D7687D26CE4D3F00963BD2 /* DateFormatter+Iso8601Full.swift in Sources */,
				C9264F2926CD7916003E4B69 /* NetworkService.swift in Sources */,
				C9264F3B26CD833E003E4B69 /* BookViewModel.swift in Sources */,
				C9264F3026CD7998003E4B69 /* Book.swift in Sources */,
				117E69A925F7A39900E313E3 /* BooksViewController.swift in Sources */,
				C9D7689626CEB49900963BD2 /* HouseViewModel.swift in Sources */,
				117E699425F7A21E00E313E3 /* AppDelegate.swift in Sources */,
				C9264F2D26CD7970003E4B69 /* RequestConstant.swift in Sources */,
				C91677A826CFE3D7009A6723 /* BlackSearchBar.swift in Sources */,
				C9D7689326CEB37000963BD2 /* HousesViewModel.swift in Sources */,
				C9264F3926CD8246003E4B69 /* Character.swift in Sources */,
				C9264F2426CD5948003E4B69 /* GCDBlackBox.swift in Sources */,
				C9264F2B26CD7958003E4B69 /* NetworkDataFetcher.swift in Sources */,
				C9264F2626CD614B003E4B69 /* RootViewController.swift in Sources */,
				117E699625F7A21E00E313E3 /* SceneDelegate.swift in Sources */,
			);
			runOnlyForDeploymentPostprocessing = 0;
		};
		C9D7688126CEAA1100963BD2 /* Sources */ = {
			isa = PBXSourcesBuildPhase;
			buildActionMask = 2147483647;
			files = (
				C9D7689126CEAAA000963BD2 /* NetworkServiceLocal.swift in Sources */,
				C91677B026CFEADD009A6723 /* CharactersViewModelTests.swift in Sources */,
				C91677B226CFF67F009A6723 /* CharacterViewModelTests.swift in Sources */,
				C9D7689B26CFD62100963BD2 /* JsonsStub.swift in Sources */,
				C9D7689926CFD58E00963BD2 /* HouseViewModelTests.swift in Sources */,
				C9D7688826CEAA1100963BD2 /* BookViewModelTests.swift in Sources */,
			);
			runOnlyForDeploymentPostprocessing = 0;
		};
/* End PBXSourcesBuildPhase section */

/* Begin PBXTargetDependency section */
		C9D7688B26CEAA1100963BD2 /* PBXTargetDependency */ = {
			isa = PBXTargetDependency;
			target = 117E698F25F7A21E00E313E3 /* iOSTakeHomeChallenge */;
			targetProxy = C9D7688A26CEAA1100963BD2 /* PBXContainerItemProxy */;
		};
/* End PBXTargetDependency section */

/* Begin PBXVariantGroup section */
		117E699925F7A21E00E313E3 /* Main.storyboard */ = {
			isa = PBXVariantGroup;
			children = (
				117E699A25F7A21E00E313E3 /* Base */,
			);
			name = Main.storyboard;
			sourceTree = "<group>";
		};
		117E699E25F7A21F00E313E3 /* LaunchScreen.storyboard */ = {
			isa = PBXVariantGroup;
			children = (
				117E699F25F7A21F00E313E3 /* Base */,
			);
			name = LaunchScreen.storyboard;
			sourceTree = "<group>";
		};
/* End PBXVariantGroup section */

/* Begin XCBuildConfiguration section */
		117E69A225F7A21F00E313E3 /* Debug */ = {
			isa = XCBuildConfiguration;
			buildSettings = {
				ALWAYS_SEARCH_USER_PATHS = NO;
				CLANG_ANALYZER_NONNULL = YES;
				CLANG_ANALYZER_NUMBER_OBJECT_CONVERSION = YES_AGGRESSIVE;
				CLANG_CXX_LANGUAGE_STANDARD = "gnu++14";
				CLANG_CXX_LIBRARY = "libc++";
				CLANG_ENABLE_MODULES = YES;
				CLANG_ENABLE_OBJC_ARC = YES;
				CLANG_ENABLE_OBJC_WEAK = YES;
				CLANG_WARN_BLOCK_CAPTURE_AUTORELEASING = YES;
				CLANG_WARN_BOOL_CONVERSION = YES;
				CLANG_WARN_COMMA = YES;
				CLANG_WARN_CONSTANT_CONVERSION = YES;
				CLANG_WARN_DEPRECATED_OBJC_IMPLEMENTATIONS = YES;
				CLANG_WARN_DIRECT_OBJC_ISA_USAGE = YES_ERROR;
				CLANG_WARN_DOCUMENTATION_COMMENTS = YES;
				CLANG_WARN_EMPTY_BODY = YES;
				CLANG_WARN_ENUM_CONVERSION = YES;
				CLANG_WARN_INFINITE_RECURSION = YES;
				CLANG_WARN_INT_CONVERSION = YES;
				CLANG_WARN_NON_LITERAL_NULL_CONVERSION = YES;
				CLANG_WARN_OBJC_IMPLICIT_RETAIN_SELF = YES;
				CLANG_WARN_OBJC_LITERAL_CONVERSION = YES;
				CLANG_WARN_OBJC_ROOT_CLASS = YES_ERROR;
				CLANG_WARN_QUOTED_INCLUDE_IN_FRAMEWORK_HEADER = YES;
				CLANG_WARN_RANGE_LOOP_ANALYSIS = YES;
				CLANG_WARN_STRICT_PROTOTYPES = YES;
				CLANG_WARN_SUSPICIOUS_MOVE = YES;
				CLANG_WARN_UNGUARDED_AVAILABILITY = YES_AGGRESSIVE;
				CLANG_WARN_UNREACHABLE_CODE = YES;
				CLANG_WARN__DUPLICATE_METHOD_MATCH = YES;
				COPY_PHASE_STRIP = NO;
				DEBUG_INFORMATION_FORMAT = dwarf;
				ENABLE_STRICT_OBJC_MSGSEND = YES;
				ENABLE_TESTABILITY = YES;
				GCC_C_LANGUAGE_STANDARD = gnu11;
				GCC_DYNAMIC_NO_PIC = NO;
				GCC_NO_COMMON_BLOCKS = YES;
				GCC_OPTIMIZATION_LEVEL = 0;
				GCC_PREPROCESSOR_DEFINITIONS = (
					"DEBUG=1",
					"$(inherited)",
				);
				GCC_WARN_64_TO_32_BIT_CONVERSION = YES;
				GCC_WARN_ABOUT_RETURN_TYPE = YES_ERROR;
				GCC_WARN_UNDECLARED_SELECTOR = YES;
				GCC_WARN_UNINITIALIZED_AUTOS = YES_AGGRESSIVE;
				GCC_WARN_UNUSED_FUNCTION = YES;
				GCC_WARN_UNUSED_VARIABLE = YES;
				IPHONEOS_DEPLOYMENT_TARGET = 14.5;
				MTL_ENABLE_DEBUG_INFO = INCLUDE_SOURCE;
				MTL_FAST_MATH = YES;
				ONLY_ACTIVE_ARCH = YES;
				SDKROOT = iphoneos;
				SWIFT_ACTIVE_COMPILATION_CONDITIONS = DEBUG;
				SWIFT_OPTIMIZATION_LEVEL = "-Onone";
			};
			name = Debug;
		};
		117E69A325F7A21F00E313E3 /* Release */ = {
			isa = XCBuildConfiguration;
			buildSettings = {
				ALWAYS_SEARCH_USER_PATHS = NO;
				CLANG_ANALYZER_NONNULL = YES;
				CLANG_ANALYZER_NUMBER_OBJECT_CONVERSION = YES_AGGRESSIVE;
				CLANG_CXX_LANGUAGE_STANDARD = "gnu++14";
				CLANG_CXX_LIBRARY = "libc++";
				CLANG_ENABLE_MODULES = YES;
				CLANG_ENABLE_OBJC_ARC = YES;
				CLANG_ENABLE_OBJC_WEAK = YES;
				CLANG_WARN_BLOCK_CAPTURE_AUTORELEASING = YES;
				CLANG_WARN_BOOL_CONVERSION = YES;
				CLANG_WARN_COMMA = YES;
				CLANG_WARN_CONSTANT_CONVERSION = YES;
				CLANG_WARN_DEPRECATED_OBJC_IMPLEMENTATIONS = YES;
				CLANG_WARN_DIRECT_OBJC_ISA_USAGE = YES_ERROR;
				CLANG_WARN_DOCUMENTATION_COMMENTS = YES;
				CLANG_WARN_EMPTY_BODY = YES;
				CLANG_WARN_ENUM_CONVERSION = YES;
				CLANG_WARN_INFINITE_RECURSION = YES;
				CLANG_WARN_INT_CONVERSION = YES;
				CLANG_WARN_NON_LITERAL_NULL_CONVERSION = YES;
				CLANG_WARN_OBJC_IMPLICIT_RETAIN_SELF = YES;
				CLANG_WARN_OBJC_LITERAL_CONVERSION = YES;
				CLANG_WARN_OBJC_ROOT_CLASS = YES_ERROR;
				CLANG_WARN_QUOTED_INCLUDE_IN_FRAMEWORK_HEADER = YES;
				CLANG_WARN_RANGE_LOOP_ANALYSIS = YES;
				CLANG_WARN_STRICT_PROTOTYPES = YES;
				CLANG_WARN_SUSPICIOUS_MOVE = YES;
				CLANG_WARN_UNGUARDED_AVAILABILITY = YES_AGGRESSIVE;
				CLANG_WARN_UNREACHABLE_CODE = YES;
				CLANG_WARN__DUPLICATE_METHOD_MATCH = YES;
				COPY_PHASE_STRIP = NO;
				DEBUG_INFORMATION_FORMAT = "dwarf-with-dsym";
				ENABLE_NS_ASSERTIONS = NO;
				ENABLE_STRICT_OBJC_MSGSEND = YES;
				GCC_C_LANGUAGE_STANDARD = gnu11;
				GCC_NO_COMMON_BLOCKS = YES;
				GCC_WARN_64_TO_32_BIT_CONVERSION = YES;
				GCC_WARN_ABOUT_RETURN_TYPE = YES_ERROR;
				GCC_WARN_UNDECLARED_SELECTOR = YES;
				GCC_WARN_UNINITIALIZED_AUTOS = YES_AGGRESSIVE;
				GCC_WARN_UNUSED_FUNCTION = YES;
				GCC_WARN_UNUSED_VARIABLE = YES;
				IPHONEOS_DEPLOYMENT_TARGET = 14.5;
				MTL_ENABLE_DEBUG_INFO = NO;
				MTL_FAST_MATH = YES;
				SDKROOT = iphoneos;
				SWIFT_COMPILATION_MODE = wholemodule;
				SWIFT_OPTIMIZATION_LEVEL = "-O";
				VALIDATE_PRODUCT = YES;
			};
			name = Release;
		};
		117E69A525F7A21F00E313E3 /* Debug */ = {
			isa = XCBuildConfiguration;
			buildSettings = {
				ASSETCATALOG_COMPILER_APPICON_NAME = AppIcon;
				ASSETCATALOG_COMPILER_GLOBAL_ACCENT_COLOR_NAME = AccentColor;
				CODE_SIGN_STYLE = Automatic;
				INFOPLIST_FILE = iOSTakeHomeChallenge/Info.plist;
				LD_RUNPATH_SEARCH_PATHS = (
					"$(inherited)",
					"@executable_path/Frameworks",
				);
				PRODUCT_BUNDLE_IDENTIFIER = com.xdesign.iOSTakeHomeChallenge;
				PRODUCT_NAME = "$(TARGET_NAME)";
				SWIFT_VERSION = 5.0;
				TARGETED_DEVICE_FAMILY = 1;
			};
			name = Debug;
		};
		117E69A625F7A21F00E313E3 /* Release */ = {
			isa = XCBuildConfiguration;
			buildSettings = {
				ASSETCATALOG_COMPILER_APPICON_NAME = AppIcon;
				ASSETCATALOG_COMPILER_GLOBAL_ACCENT_COLOR_NAME = AccentColor;
				CODE_SIGN_STYLE = Automatic;
				INFOPLIST_FILE = iOSTakeHomeChallenge/Info.plist;
				LD_RUNPATH_SEARCH_PATHS = (
					"$(inherited)",
					"@executable_path/Frameworks",
				);
				PRODUCT_BUNDLE_IDENTIFIER = com.xdesign.iOSTakeHomeChallenge;
				PRODUCT_NAME = "$(TARGET_NAME)";
				SWIFT_VERSION = 5.0;
				TARGETED_DEVICE_FAMILY = 1;
			};
			name = Release;
		};
		C9D7688D26CEAA1100963BD2 /* Debug */ = {
			isa = XCBuildConfiguration;
			buildSettings = {
				BUNDLE_LOADER = "$(TEST_HOST)";
				CODE_SIGN_STYLE = Automatic;
				INFOPLIST_FILE = iOSTakeHomeChallengeTests/Info.plist;
				IPHONEOS_DEPLOYMENT_TARGET = 14.5;
				LD_RUNPATH_SEARCH_PATHS = (
					"$(inherited)",
					"@executable_path/Frameworks",
					"@loader_path/Frameworks",
				);
				PRODUCT_BUNDLE_IDENTIFIER = com.capitan.iOSTakeHomeChallengeTests;
				PRODUCT_NAME = "$(TARGET_NAME)";
				SWIFT_VERSION = 5.0;
				TARGETED_DEVICE_FAMILY = "1,2";
				TEST_HOST = "$(BUILT_PRODUCTS_DIR)/iOSTakeHomeChallenge.app/iOSTakeHomeChallenge";
			};
			name = Debug;
		};
		C9D7688E26CEAA1100963BD2 /* Release */ = {
			isa = XCBuildConfiguration;
			buildSettings = {
				BUNDLE_LOADER = "$(TEST_HOST)";
				CODE_SIGN_STYLE = Automatic;
				INFOPLIST_FILE = iOSTakeHomeChallengeTests/Info.plist;
				IPHONEOS_DEPLOYMENT_TARGET = 14.5;
				LD_RUNPATH_SEARCH_PATHS = (
					"$(inherited)",
					"@executable_path/Frameworks",
					"@loader_path/Frameworks",
				);
				PRODUCT_BUNDLE_IDENTIFIER = com.capitan.iOSTakeHomeChallengeTests;
				PRODUCT_NAME = "$(TARGET_NAME)";
				SWIFT_VERSION = 5.0;
				TARGETED_DEVICE_FAMILY = "1,2";
				TEST_HOST = "$(BUILT_PRODUCTS_DIR)/iOSTakeHomeChallenge.app/iOSTakeHomeChallenge";
			};
			name = Release;
		};
/* End XCBuildConfiguration section */

/* Begin XCConfigurationList section */
		117E698B25F7A21E00E313E3 /* Build configuration list for PBXProject "iOSTakeHomeChallenge" */ = {
			isa = XCConfigurationList;
			buildConfigurations = (
				117E69A225F7A21F00E313E3 /* Debug */,
				117E69A325F7A21F00E313E3 /* Release */,
			);
			defaultConfigurationIsVisible = 0;
			defaultConfigurationName = Release;
		};
		117E69A425F7A21F00E313E3 /* Build configuration list for PBXNativeTarget "iOSTakeHomeChallenge" */ = {
			isa = XCConfigurationList;
			buildConfigurations = (
				117E69A525F7A21F00E313E3 /* Debug */,
				117E69A625F7A21F00E313E3 /* Release */,
			);
			defaultConfigurationIsVisible = 0;
			defaultConfigurationName = Release;
		};
		C9D7688C26CEAA1100963BD2 /* Build configuration list for PBXNativeTarget "iOSTakeHomeChallengeTests" */ = {
			isa = XCConfigurationList;
			buildConfigurations = (
				C9D7688D26CEAA1100963BD2 /* Debug */,
				C9D7688E26CEAA1100963BD2 /* Release */,
			);
			defaultConfigurationIsVisible = 0;
			defaultConfigurationName = Release;
		};
/* End XCConfigurationList section */
	};
	rootObject = 117E698825F7A21E00E313E3 /* Project object */;
}
